<?xml version="1.0" encoding="utf-8"?>
<Project ToolsVersion="4.0" xmlns="http://schemas.microsoft.com/developer/msbuild/2003">
  <ItemGroup>
    <Filter Include="Source Files">
      <UniqueIdentifier>{4FC737F1-C7A5-4376-A066-2A32D752A2FF}</UniqueIdentifier>
      <Extensions>cpp;c;cc;cxx;c++;cppm;ixx;def;odl;idl;hpj;bat;asm;asmx</Extensions>
    </Filter>
    <Filter Include="Header Files">
      <UniqueIdentifier>{93995380-89BD-4b04-88EB-625FBE52EBFB}</UniqueIdentifier>
      <Extensions>h;hh;hpp;hxx;h++;hm;inl;inc;ipp;xsd</Extensions>
    </Filter>
    <Filter Include="Resource Files">
      <UniqueIdentifier>{67DA6AB6-F800-4c08-8B7A-83BB121AAD01}</UniqueIdentifier>
      <Extensions>rc;ico;cur;bmp;dlg;rc2;rct;bin;rgs;gif;jpg;jpeg;jpe;resx;tiff;tif;png;wav;mfcribbon-ms</Extensions>
    </Filter>
  </ItemGroup>
  <ItemGroup>
    <ClInclude Include="render\render_context.h">
      <Filter>Header Files</Filter>
    </ClInclude>
    <ClInclude Include="render\opengl_api.h">
      <Filter>Header Files</Filter>
    </ClInclude>
    <ClInclude Include="render\render_device.h">
      <Filter>Header Files</Filter>
    </ClInclude>
    <ClInclude Include="render\instance_group.h">
      <Filter>Header Files</Filter>
    </ClInclude>
    <ClInclude Include="render\render_pass.h">
      <Filter>Header Files</Filter>
    </ClInclude>
    <ClInclude Include="render\render_types.h">
      <Filter>Header Files</Filter>
    </ClInclude>
    <ClInclude Include="render\renderer.h">
      <Filter>Header Files</Filter>
    </ClInclude>
    <ClInclude Include="render\texture.h">
      <Filter>Header Files</Filter>
    </ClInclude>
    <ClInclude Include="render\pipeline.h">
      <Filter>Header Files</Filter>
    </ClInclude>
    <ClInclude Include="render\framebuffer.h">
      <Filter>Header Files</Filter>
    </ClInclude>
    <ClInclude Include="render\camera.h">
      <Filter>Header Files</Filter>
    </ClInclude>
    <ClInclude Include="render\render_data.h">
      <Filter>Header Files</Filter>
    </ClInclude>
    <ClInclude Include="render\shader.h">
      <Filter>Header Files</Filter>
    </ClInclude>
    <ClInclude Include="render\material.h">
      <Filter>Header Files</Filter>
    </ClInclude>
    <ClInclude Include="render\light.h">
      <Filter>Header Files</Filter>
    </ClInclude>
    <ClInclude Include="render\instance_renderer.h">
      <Filter>Header Files</Filter>
    </ClInclude>
    <ClInclude Include="render\mesh_renderer.h">
      <Filter>Header Files</Filter>
    </ClInclude>
    <ClInclude Include="shader\lighting.frag">
      <Filter>Header Files</Filter>
    </ClInclude>
    <ClInclude Include="shader\point_light.vert">
      <Filter>Header Files</Filter>
    </ClInclude>
    <ClInclude Include="shader\point_light.frag">
      <Filter>Header Files</Filter>
    </ClInclude>
  </ItemGroup>
  <ItemGroup>
    <ClCompile Include="renderer.cpp">
      <Filter>Source Files</Filter>
    </ClCompile>
    <ClCompile Include="external\glad.c">
      <Filter>Source Files</Filter>
    </ClCompile>
  </ItemGroup>
  <ItemGroup>
    <None Include="shader\default.vert" />
    <None Include="shader\forward.frag" />
    <None Include="shader\skybox.frag" />
    <None Include="shader\skybox.vert" />
    <None Include="shader\final.frag" />
    <None Include="shader\final.vert" />
    <None Include="shader\deferred.frag" />
    <None Include="shader\instanced.vert" />
    <None Include="shader\quad.vert" />
    <None Include="shader\depth.frag" />
    <None Include="shader\depth.vert" />
    <None Include="shader\instanced_depth.vert" />
  </ItemGroup>
</Project>